
Microsoft Visual Studio Solution File, Format Version 12.00
# Visual Studio Version 16
VisualStudioVersion = 16.0.29806.167
MinimumVisualStudioVersion = 10.0.40219.1
Project("{9A19103F-16F7-4668-BE54-9A1E7A4F7556}") = "heroesJourney", "heroesJourney\heroesJourney.csproj", "{EC5E0E17-5723-4309-B400-6FC7C8CB761E}"
EndProject
Project("{9A19103F-16F7-4668-BE54-9A1E7A4F7556}") = "realCalculatorApp", "realCalculatorApp\realCalculatorApp.csproj", "{D2CBEF46-0462-4E55-9AA3-12C95960FA79}"
EndProject
Project("{9A19103F-16F7-4668-BE54-9A1E7A4F7556}") = "loginRegisterApp", "loginRegisterApp\loginRegisterApp.csproj", "{F2F8A609-6AD9-4879-92AB-8F14D90C83B1}"
EndProject
Global
	GlobalSection(SolutionConfigurationPlatforms) = preSolution
		Debug|Any CPU = Debug|Any CPU
		Release|Any CPU = Release|Any CPU
	EndGlobalSection
	GlobalSection(ProjectConfigurationPlatforms) = postSolution
		{EC5E0E17-5723-4309-B400-6FC7C8CB761E}.Debug|Any CPU.ActiveCfg = Debug|Any CPU
		{EC5E0E17-5723-4309-B400-6FC7C8CB761E}.Debug|Any CPU.Build.0 = Debug|Any CPU
		{EC5E0E17-5723-4309-B400-6FC7C8CB761E}.Release|Any CPU.ActiveCfg = Release|Any CPU
		{EC5E0E17-5723-4309-B400-6FC7C8CB761E}.Release|Any CPU.Build.0 = Release|Any CPU
		{D2CBEF46-0462-4E55-9AA3-12C95960FA79}.Debug|Any CPU.ActiveCfg = Debug|Any CPU
		{D2CBEF46-0462-4E55-9AA3-12C95960FA79}.Debug|Any CPU.Build.0 = Debug|Any CPU
		{D2CBEF46-0462-4E55-9AA3-12C95960FA79}.Release|Any CPU.ActiveCfg = Release|Any CPU
		{D2CBEF46-0462-4E55-9AA3-12C95960FA79}.Release|Any CPU.Build.0 = Release|Any CPU
		{F2F8A609-6AD9-4879-92AB-8F14D90C83B1}.Debug|Any CPU.ActiveCfg = Debug|Any CPU
		{F2F8A609-6AD9-4879-92AB-8F14D90C83B1}.Debug|Any CPU.Build.0 = Debug|Any CPU
		{F2F8A609-6AD9-4879-92AB-8F14D90C83B1}.Release|Any CPU.ActiveCfg = Release|Any CPU
		{F2F8A609-6AD9-4879-92AB-8F14D90C83B1}.Release|Any CPU.Build.0 = Release|Any CPU
	EndGlobalSection
	GlobalSection(SolutionProperties) = preSolution
		HideSolutionNode = FALSE
	EndGlobalSection
	GlobalSection(ExtensibilityGlobals) = postSolution
		SolutionGuid = {EE1BB475-4A51-4DBD-A019-5A6FC788F193}
	EndGlobalSection
EndGlobal
